
Microsoft Visual Studio Solution File, Format Version 12.00
# Visual Studio Version 16
VisualStudioVersion = 16.0.31702.278
MinimumVisualStudioVersion = 10.0.40219.1
Project("{9A19103F-16F7-4668-BE54-9A1E7A4F7556}") = "HW4-Grup2.API", "HW4-Grup2.API\HW4-Grup2.API.csproj", "{57465396-C3AB-4C16-BFEF-B2B30489C6D0}"
EndProject
Project("{9A19103F-16F7-4668-BE54-9A1E7A4F7556}") = "HW4-Grup2.Application", "HW4-Grup2.Application\HW4-Grup2.Application.csproj", "{ABCF0EA9-B8DE-4AA7-8388-45E111D835DE}"
EndProject
Project("{9A19103F-16F7-4668-BE54-9A1E7A4F7556}") = "HW4-Grup2.Domain", "HW4-Grup2.Domain\HW4-Grup2.Domain.csproj", "{69FBBEAC-FB94-4A6D-8AF3-E561B5E50266}"
EndProject
Project("{9A19103F-16F7-4668-BE54-9A1E7A4F7556}") = "HW4-Grup2.Infrastructure", "HW4-Grup2.Infrastructure\HW4-Grup2.Infrastructure.csproj", "{99AFE654-4A95-43E4-ADB7-443A314DCC00}"
EndProject
Project("{9A19103F-16F7-4668-BE54-9A1E7A4F7556}") = "HW4-Grup2.API.Test", "HW4-Grup2.API.Test\HW4-Grup2.API.Test.csproj", "{29CAD5CC-4E36-47C3-A461-6B833F6E272C}"
EndProject
Project("{E53339B2-1760-4266-BCC7-CA923CBCF16C}") = "docker-compose", "docker-compose.dcproj", "{C2126093-E24C-4C60-9F8E-76D4F2CEE9BA}"
EndProject
Global
	GlobalSection(SolutionConfigurationPlatforms) = preSolution
		Debug|Any CPU = Debug|Any CPU
		Release|Any CPU = Release|Any CPU
	EndGlobalSection
	GlobalSection(ProjectConfigurationPlatforms) = postSolution
		{57465396-C3AB-4C16-BFEF-B2B30489C6D0}.Debug|Any CPU.ActiveCfg = Debug|Any CPU
		{57465396-C3AB-4C16-BFEF-B2B30489C6D0}.Debug|Any CPU.Build.0 = Debug|Any CPU
		{57465396-C3AB-4C16-BFEF-B2B30489C6D0}.Release|Any CPU.ActiveCfg = Release|Any CPU
		{57465396-C3AB-4C16-BFEF-B2B30489C6D0}.Release|Any CPU.Build.0 = Release|Any CPU
		{ABCF0EA9-B8DE-4AA7-8388-45E111D835DE}.Debug|Any CPU.ActiveCfg = Debug|Any CPU
		{ABCF0EA9-B8DE-4AA7-8388-45E111D835DE}.Debug|Any CPU.Build.0 = Debug|Any CPU
		{ABCF0EA9-B8DE-4AA7-8388-45E111D835DE}.Release|Any CPU.ActiveCfg = Release|Any CPU
		{ABCF0EA9-B8DE-4AA7-8388-45E111D835DE}.Release|Any CPU.Build.0 = Release|Any CPU
		{69FBBEAC-FB94-4A6D-8AF3-E561B5E50266}.Debug|Any CPU.ActiveCfg = Debug|Any CPU
		{69FBBEAC-FB94-4A6D-8AF3-E561B5E50266}.Debug|Any CPU.Build.0 = Debug|Any CPU
		{69FBBEAC-FB94-4A6D-8AF3-E561B5E50266}.Release|Any CPU.ActiveCfg = Release|Any CPU
		{69FBBEAC-FB94-4A6D-8AF3-E561B5E50266}.Release|Any CPU.Build.0 = Release|Any CPU
		{99AFE654-4A95-43E4-ADB7-443A314DCC00}.Debug|Any CPU.ActiveCfg = Debug|Any CPU
		{99AFE654-4A95-43E4-ADB7-443A314DCC00}.Debug|Any CPU.Build.0 = Debug|Any CPU
		{99AFE654-4A95-43E4-ADB7-443A314DCC00}.Release|Any CPU.ActiveCfg = Release|Any CPU
		{99AFE654-4A95-43E4-ADB7-443A314DCC00}.Release|Any CPU.Build.0 = Release|Any CPU
		{29CAD5CC-4E36-47C3-A461-6B833F6E272C}.Debug|Any CPU.ActiveCfg = Debug|Any CPU
		{29CAD5CC-4E36-47C3-A461-6B833F6E272C}.Debug|Any CPU.Build.0 = Debug|Any CPU
		{29CAD5CC-4E36-47C3-A461-6B833F6E272C}.Release|Any CPU.ActiveCfg = Release|Any CPU
		{29CAD5CC-4E36-47C3-A461-6B833F6E272C}.Release|Any CPU.Build.0 = Release|Any CPU
		{C2126093-E24C-4C60-9F8E-76D4F2CEE9BA}.Debug|Any CPU.ActiveCfg = Debug|Any CPU
		{C2126093-E24C-4C60-9F8E-76D4F2CEE9BA}.Debug|Any CPU.Build.0 = Debug|Any CPU
		{C2126093-E24C-4C60-9F8E-76D4F2CEE9BA}.Release|Any CPU.ActiveCfg = Release|Any CPU
		{C2126093-E24C-4C60-9F8E-76D4F2CEE9BA}.Release|Any CPU.Build.0 = Release|Any CPU
	EndGlobalSection
	GlobalSection(SolutionProperties) = preSolution
		HideSolutionNode = FALSE
	EndGlobalSection
	GlobalSection(ExtensibilityGlobals) = postSolution
		SolutionGuid = {D06DD25A-3391-4AE7-8370-72CF00AB3F01}
	EndGlobalSection
EndGlobal
